// !$*UTF8*$!
{
	archiveVersion = 1;
	classes = {
	};
	objectVersion = 46;
	objects = {

/* Begin PBXBuildFile section */
		5415FF181A987FBF00664165 /* main.m in Sources */ = {isa = PBXBuildFile; fileRef = 5415FF171A987FBF00664165 /* main.m */; };
		5415FF1B1A987FBF00664165 /* AppDelegate.m in Sources */ = {isa = PBXBuildFile; fileRef = 5415FF1A1A987FBF00664165 /* AppDelegate.m */; };
		5415FF1E1A987FBF00664165 /* Authom.xcdatamodeld in Sources */ = {isa = PBXBuildFile; fileRef = 5415FF1C1A987FBF00664165 /* Authom.xcdatamodeld */; };
		5415FF211A987FBF00664165 /* ViewController.m in Sources */ = {isa = PBXBuildFile; fileRef = 5415FF201A987FBF00664165 /* ViewController.m */; };
		5415FF241A987FBF00664165 /* Main.storyboard in Resources */ = {isa = PBXBuildFile; fileRef = 5415FF221A987FBF00664165 /* Main.storyboard */; };
		5415FF261A987FBF00664165 /* Images.xcassets in Resources */ = {isa = PBXBuildFile; fileRef = 5415FF251A987FBF00664165 /* Images.xcassets */; };
		5415FF291A987FBF00664165 /* LaunchScreen.xib in Resources */ = {isa = PBXBuildFile; fileRef = 5415FF271A987FBF00664165 /* LaunchScreen.xib */; };
		5415FF351A987FBF00664165 /* AuthomTests.m in Sources */ = {isa = PBXBuildFile; fileRef = 5415FF341A987FBF00664165 /* AuthomTests.m */; };
/* End PBXBuildFile section */

/* Begin PBXContainerItemProxy section */
		5415FF2F1A987FBF00664165 /* PBXContainerItemProxy */ = {
			isa = PBXContainerItemProxy;
			containerPortal = 5415FF0A1A987FBF00664165 /* Project object */;
			proxyType = 1;
			remoteGlobalIDString = 5415FF111A987FBF00664165;
			remoteInfo = Authom;
		};
/* End PBXContainerItemProxy section */

/* Begin PBXFileReference section */
		5415FF121A987FBF00664165 /* Authom.app */ = {isa = PBXFileReference; explicitFileType = wrapper.application; includeInIndex = 0; path = Authom.app; sourceTree = BUILT_PRODUCTS_DIR; };
		5415FF161A987FBF00664165 /* Info.plist */ = {isa = PBXFileReference; lastKnownFileType = text.plist.xml; path = Info.plist; sourceTree = "<group>"; };
		5415FF171A987FBF00664165 /* main.m */ = {isa = PBXFileReference; lastKnownFileType = sourcecode.c.objc; path = main.m; sourceTree = "<group>"; };
		5415FF191A987FBF00664165 /* AppDelegate.h */ = {isa = PBXFileReference; lastKnownFileType = sourcecode.c.h; path = AppDelegate.h; sourceTree = "<group>"; };
		5415FF1A1A987FBF00664165 /* AppDelegate.m */ = {isa = PBXFileReference; lastKnownFileType = sourcecode.c.objc; path = AppDelegate.m; sourceTree = "<group>"; };
		5415FF1D1A987FBF00664165 /* Authom.xcdatamodel */ = {isa = PBXFileReference; lastKnownFileType = wrapper.xcdatamodel; path = Authom.xcdatamodel; sourceTree = "<group>"; };
		5415FF1F1A987FBF00664165 /* ViewController.h */ = {isa = PBXFileReference; lastKnownFileType = sourcecode.c.h; path = ViewController.h; sourceTree = "<group>"; };
		5415FF201A987FBF00664165 /* ViewController.m */ = {isa = PBXFileReference; lastKnownFileType = sourcecode.c.objc; path = ViewController.m; sourceTree = "<group>"; };
		5415FF231A987FBF00664165 /* Base */ = {isa = PBXFileReference; lastKnownFileType = file.storyboard; name = Base; path = Base.lproj/Main.storyboard; sourceTree = "<group>"; };
		5415FF251A987FBF00664165 /* Images.xcassets */ = {isa = PBXFileReference; lastKnownFileType = folder.assetcatalog; path = Images.xcassets; sourceTree = "<group>"; };
		5415FF281A987FBF00664165 /* Base */ = {isa = PBXFileReference; lastKnownFileType = file.xib; name = Base; path = Base.lproj/LaunchScreen.xib; sourceTree = "<group>"; };
		5415FF2E1A987FBF00664165 /* AuthomTests.xctest */ = {isa = PBXFileReference; explicitFileType = wrapper.cfbundle; includeInIndex = 0; path = AuthomTests.xctest; sourceTree = BUILT_PRODUCTS_DIR; };
		5415FF331A987FBF00664165 /* Info.plist */ = {isa = PBXFileReference; lastKnownFileType = text.plist.xml; path = Info.plist; sourceTree = "<group>"; };
		5415FF341A987FBF00664165 /* AuthomTests.m */ = {isa = PBXFileReference; lastKnownFileType = sourcecode.c.objc; path = AuthomTests.m; sourceTree = "<group>"; };
/* End PBXFileReference section */

/* Begin PBXFrameworksBuildPhase section */
		5415FF0F1A987FBF00664165 /* Frameworks */ = {
			isa = PBXFrameworksBuildPhase;
			buildActionMask = 2147483647;
			files = (
			);
			runOnlyForDeploymentPostprocessing = 0;
		};
		5415FF2B1A987FBF00664165 /* Frameworks */ = {
			isa = PBXFrameworksBuildPhase;
			buildActionMask = 2147483647;
			files = (
			);
			runOnlyForDeploymentPostprocessing = 0;
		};
/* End PBXFrameworksBuildPhase section */

/* Begin PBXGroup section */
		5415FF091A987FBF00664165 = {
			isa = PBXGroup;
			children = (
				5415FF141A987FBF00664165 /* Authom */,
				5415FF311A987FBF00664165 /* AuthomTests */,
				5415FF131A987FBF00664165 /* Products */,
			);
			sourceTree = "<group>";
		};
		5415FF131A987FBF00664165 /* Products */ = {
			isa = PBXGroup;
			children = (
				5415FF121A987FBF00664165 /* Authom.app */,
				5415FF2E1A987FBF00664165 /* AuthomTests.xctest */,
			);
			name = Products;
			sourceTree = "<group>";
		};
		5415FF141A987FBF00664165 /* Authom */ = {
			isa = PBXGroup;
			children = (
				5415FF191A987FBF00664165 /* AppDelegate.h */,
				5415FF1A1A987FBF00664165 /* AppDelegate.m */,
				5415FF1F1A987FBF00664165 /* ViewController.h */,
				5415FF201A987FBF00664165 /* ViewController.m */,
				5415FF221A987FBF00664165 /* Main.storyboard */,
				5415FF251A987FBF00664165 /* Images.xcassets */,
				5415FF271A987FBF00664165 /* LaunchScreen.xib */,
				5415FF1C1A987FBF00664165 /* Authom.xcdatamodeld */,
				5415FF151A987FBF00664165 /* Supporting Files */,
			);
			path = Authom;
			sourceTree = "<group>";
		};
		5415FF151A987FBF00664165 /* Supporting Files */ = {
			isa = PBXGroup;
			children = (
				5415FF161A987FBF00664165 /* Info.plist */,
				5415FF171A987FBF00664165 /* main.m */,
			);
			name = "Supporting Files";
			sourceTree = "<group>";
		};
		5415FF311A987FBF00664165 /* AuthomTests */ = {
			isa = PBXGroup;
			children = (
				5415FF341A987FBF00664165 /* AuthomTests.m */,
				5415FF321A987FBF00664165 /* Supporting Files */,
			);
			path = AuthomTests;
			sourceTree = "<group>";
		};
		5415FF321A987FBF00664165 /* Supporting Files */ = {
			isa = PBXGroup;
			children = (
				5415FF331A987FBF00664165 /* Info.plist */,
			);
			name = "Supporting Files";
			sourceTree = "<group>";
		};
/* End PBXGroup section */

/* Begin PBXNativeTarget section */
		5415FF111A987FBF00664165 /* Authom */ = {
			isa = PBXNativeTarget;
			buildConfigurationList = 5415FF381A987FBF00664165 /* Build configuration list for PBXNativeTarget "Authom" */;
			buildPhases = (
				5415FF0E1A987FBF00664165 /* Sources */,
				5415FF0F1A987FBF00664165 /* Frameworks */,
				5415FF101A987FBF00664165 /* Resources */,
			);
			buildRules = (
			);
			dependencies = (
			);
			name = Authom;
			productName = Authom;
			productReference = 5415FF121A987FBF00664165 /* Authom.app */;
			productType = "com.apple.product-type.application";
		};
		5415FF2D1A987FBF00664165 /* AuthomTests */ = {
			isa = PBXNativeTarget;
			buildConfigurationList = 5415FF3B1A987FBF00664165 /* Build configuration list for PBXNativeTarget "AuthomTests" */;
			buildPhases = (
				5415FF2A1A987FBF00664165 /* Sources */,
				5415FF2B1A987FBF00664165 /* Frameworks */,
				5415FF2C1A987FBF00664165 /* Resources */,
			);
			buildRules = (
			);
			dependencies = (
				5415FF301A987FBF00664165 /* PBXTargetDependency */,
			);
			name = AuthomTests;
			productName = AuthomTests;
			productReference = 5415FF2E1A987FBF00664165 /* AuthomTests.xctest */;
			productType = "com.apple.product-type.bundle.unit-test";
		};
/* End PBXNativeTarget section */

/* Begin PBXProject section */
		5415FF0A1A987FBF00664165 /* Project object */ = {
			isa = PBXProject;
			attributes = {
				LastUpgradeCheck = 0610;
				ORGANIZATIONNAME = "Mimee Xu";
				TargetAttributes = {
					5415FF111A987FBF00664165 = {
						CreatedOnToolsVersion = 6.1.1;
					};
					5415FF2D1A987FBF00664165 = {
						CreatedOnToolsVersion = 6.1.1;
						TestTargetID = 5415FF111A987FBF00664165;
					};
				};
			};
			buildConfigurationList = 5415FF0D1A987FBF00664165 /* Build configuration list for PBXProject "Authom" */;
			compatibilityVersion = "Xcode 3.2";
			developmentRegion = English;
			hasScannedForEncodings = 0;
			knownRegions = (
				en,
				Base,
			);
			mainGroup = 5415FF091A987FBF00664165;
			productRefGroup = 5415FF131A987FBF00664165 /* Products */;
			projectDirPath = "";
			projectRoot = "";
			targets = (
				5415FF111A987FBF00664165 /* Authom */,
				5415FF2D1A987FBF00664165 /* AuthomTests */,
			);
		};
/* End PBXProject section */

/* Begin PBXResourcesBuildPhase section */
		5415FF101A987FBF00664165 /* Resources */ = {
			isa = PBXResourcesBuildPhase;
			buildActionMask = 2147483647;
			files = (
				5415FF241A987FBF00664165 /* Main.storyboard in Resources */,
				5415FF291A987FBF00664165 /* LaunchScreen.xib in Resources */,
				5415FF261A987FBF00664165 /* Images.xcassets in Resources */,
			);
			runOnlyForDeploymentPostprocessing = 0;
		};
		5415FF2C1A987FBF00664165 /* Resources */ = {
			isa = PBXResourcesBuildPhase;
			buildActionMask = 2147483647;
			files = (
			);
			runOnlyForDeploymentPostprocessing = 0;
		};
/* End PBXResourcesBuildPhase section */

/* Begin PBXSourcesBuildPhase section */
		5415FF0E1A987FBF00664165 /* Sources */ = {
			isa = PBXSourcesBuildPhase;
			buildActionMask = 2147483647;
			files = (
				5415FF1E1A987FBF00664165 /* Authom.xcdatamodeld in Sources */,
				5415FF1B1A987FBF00664165 /* AppDelegate.m in Sources */,
				5415FF211A987FBF00664165 /* ViewController.m in Sources */,
				5415FF181A987FBF00664165 /* main.m in Sources */,
			);
			runOnlyForDeploymentPostprocessing = 0;
		};
		5415FF2A1A987FBF00664165 /* Sources */ = {
			isa = PBXSourcesBuildPhase;
			buildActionMask = 2147483647;
			files = (
				5415FF351A987FBF00664165 /* AuthomTests.m in Sources */,
			);
			runOnlyForDeploymentPostprocessing = 0;
		};
/* End PBXSourcesBuildPhase section */

/* Begin PBXTargetDependency section */
		5415FF301A987FBF00664165 /* PBXTargetDependency */ = {
			isa = PBXTargetDependency;
			target = 5415FF111A987FBF00664165 /* Authom */;
			targetProxy = 5415FF2F1A987FBF00664165 /* PBXContainerItemProxy */;
		};
/* End PBXTargetDependency section */

/* Begin PBXVariantGroup section */
		5415FF221A987FBF00664165 /* Main.storyboard */ = {
			isa = PBXVariantGroup;
			children = (
				5415FF231A987FBF00664165 /* Base */,
			);
			name = Main.storyboard;
			sourceTree = "<group>";
		};
		5415FF271A987FBF00664165 /* LaunchScreen.xib */ = {
			isa = PBXVariantGroup;
			children = (
				5415FF281A987FBF00664165 /* Base */,
			);
			name = LaunchScreen.xib;
			sourceTree = "<group>";
		};
/* End PBXVariantGroup section */

/* Begin XCBuildConfiguration section */
		5415FF361A987FBF00664165 /* Debug */ = {
			isa = XCBuildConfiguration;
			buildSettings = {
				ALWAYS_SEARCH_USER_PATHS = NO;
				CLANG_CXX_LANGUAGE_STANDARD = "gnu++0x";
				CLANG_CXX_LIBRARY = "libc++";
				CLANG_ENABLE_MODULES = YES;
				CLANG_ENABLE_OBJC_ARC = YES;
				CLANG_WARN_BOOL_CONVERSION = YES;
				CLANG_WARN_CONSTANT_CONVERSION = YES;
				CLANG_WARN_DIRECT_OBJC_ISA_USAGE = YES_ERROR;
				CLANG_WARN_EMPTY_BODY = YES;
				CLANG_WARN_ENUM_CONVERSION = YES;
				CLANG_WARN_INT_CONVERSION = YES;
				CLANG_WARN_OBJC_ROOT_CLASS = YES_ERROR;
				CLANG_WARN_UNREACHABLE_CODE = YES;
				CLANG_WARN__DUPLICATE_METHOD_MATCH = YES;
				"CODE_SIGN_IDENTITY[sdk=iphoneos*]" = "iPhone Developer";
				COPY_PHASE_STRIP = NO;
				ENABLE_STRICT_OBJC_MSGSEND = YES;
				GCC_C_LANGUAGE_STANDARD = gnu99;
				GCC_DYNAMIC_NO_PIC = NO;
				GCC_OPTIMIZATION_LEVEL = 0;
				GCC_PREPROCESSOR_DEFINITIONS = (
					"DEBUG=1",
					"$(inherited)",
				);
				GCC_SYMBOLS_PRIVATE_EXTERN = NO;
				GCC_WARN_64_TO_32_BIT_CONVERSION = YES;
				GCC_WARN_ABOUT_RETURN_TYPE = YES_ERROR;
				GCC_WARN_UNDECLARED_SELECTOR = YES;
				GCC_WARN_UNINITIALIZED_AUTOS = YES_AGGRESSIVE;
				GCC_WARN_UNUSED_FUNCTION = YES;
				GCC_WARN_UNUSED_VARIABLE = YES;
				IPHONEOS_DEPLOYMENT_TARGET = 8.1;
				MTL_ENABLE_DEBUG_INFO = YES;
				ONLY_ACTIVE_ARCH = YES;
				SDKROOT = iphoneos;
			};
			name = Debug;
		};
		5415FF371A987FBF00664165 /* Release */ = {
			isa = XCBuildConfiguration;
			buildSettings = {
				ALWAYS_SEARCH_USER_PATHS = NO;
				CLANG_CXX_LANGUAGE_STANDARD = "gnu++0x";
				CLANG_CXX_LIBRARY = "libc++";
				CLANG_ENABLE_MODULES = YES;
				CLANG_ENABLE_OBJC_ARC = YES;
				CLANG_WARN_BOOL_CONVERSION = YES;
				CLANG_WARN_CONSTANT_CONVERSION = YES;
				CLANG_WARN_DIRECT_OBJC_ISA_USAGE = YES_ERROR;
				CLANG_WARN_EMPTY_BODY = YES;
				CLANG_WARN_ENUM_CONVERSION = YES;
				CLANG_WARN_INT_CONVERSION = YES;
				CLANG_WARN_OBJC_ROOT_CLASS = YES_ERROR;
				CLANG_WARN_UNREACHABLE_CODE = YES;
				CLANG_WARN__DUPLICATE_METHOD_MATCH = YES;
				"CODE_SIGN_IDENTITY[sdk=iphoneos*]" = "iPhone Developer";
				COPY_PHASE_STRIP = YES;
				ENABLE_NS_ASSERTIONS = NO;
				ENABLE_STRICT_OBJC_MSGSEND = YES;
				GCC_C_LANGUAGE_STANDARD = gnu99;
				GCC_WARN_64_TO_32_BIT_CONVERSION = YES;
				GCC_WARN_ABOUT_RETURN_TYPE = YES_ERROR;
				GCC_WARN_UNDECLARED_SELECTOR = YES;
				GCC_WARN_UNINITIALIZED_AUTOS = YES_AGGRESSIVE;
				GCC_WARN_UNUSED_FUNCTION = YES;
				GCC_WARN_UNUSED_VARIABLE = YES;
				IPHONEOS_DEPLOYMENT_TARGET = 8.1;
				MTL_ENABLE_DEBUG_INFO = NO;
				SDKROOT = iphoneos;
				VALIDATE_PRODUCT = YES;
			};
			name = Release;
		};
		5415FF391A987FBF00664165 /* Debug */ = {
			isa = XCBuildConfiguration;
			buildSettings = {
				ASSETCATALOG_COMPILER_APPICON_NAME = AppIcon;
				INFOPLIST_FILE = Authom/Info.plist;
				LD_RUNPATH_SEARCH_PATHS = "$(inherited) @executable_path/Frameworks";
				PRODUCT_NAME = "$(TARGET_NAME)";
			};
			name = Debug;
		};
		5415FF3A1A987FBF00664165 /* Release */ = {
			isa = XCBuildConfiguration;
			buildSettings = {
				ASSETCATALOG_COMPILER_APPICON_NAME = AppIcon;
				INFOPLIST_FILE = Authom/Info.plist;
				LD_RUNPATH_SEARCH_PATHS = "$(inherited) @executable_path/Frameworks";
				PRODUCT_NAME = "$(TARGET_NAME)";
			};
			name = Release;
		};
		5415FF3C1A987FBF00664165 /* Debug */ = {
			isa = XCBuildConfiguration;
			buildSettings = {
				BUNDLE_LOADER = "$(TEST_HOST)";
				FRAMEWORK_SEARCH_PATHS = (
					"$(SDKROOT)/Developer/Library/Frameworks",
					"$(inherited)",
				);
				GCC_PREPROCESSOR_DEFINITIONS = (
					"DEBUG=1",
					"$(inherited)",
				);
				INFOPLIST_FILE = AuthomTests/Info.plist;
				LD_RUNPATH_SEARCH_PATHS = "$(inherited) @executable_path/Frameworks @loader_path/Frameworks";
				PRODUCT_NAME = "$(TARGET_NAME)";
				TEST_HOST = "$(BUILT_PRODUCTS_DIR)/Authom.app/Authom";
			};
			name = Debug;
		};
		5415FF3D1A987FBF00664165 /* Release */ = {
			isa = XCBuildConfiguration;
			buildSettings = {
				BUNDLE_LOADER = "$(TEST_HOST)";
				FRAMEWORK_SEARCH_PATHS = (
					"$(SDKROOT)/Developer/Library/Frameworks",
					"$(inherited)",
				);
				INFOPLIST_FILE = AuthomTests/Info.plist;
				LD_RUNPATH_SEARCH_PATHS = "$(inherited) @executable_path/Frameworks @loader_path/Frameworks";
				PRODUCT_NAME = "$(TARGET_NAME)";
				TEST_HOST = "$(BUILT_PRODUCTS_DIR)/Authom.app/Authom";
			};
			name = Release;
		};
/* End XCBuildConfiguration section */

/* Begin XCConfigurationList section */
		5415FF0D1A987FBF00664165 /* Build configuration list for PBXProject "Authom" */ = {
			isa = XCConfigurationList;
			buildConfigurations = (
				5415FF361A987FBF00664165 /* Debug */,
				5415FF371A987FBF00664165 /* Release */,
			);
			defaultConfigurationIsVisible = 0;
			defaultConfigurationName = Release;
		};
		5415FF381A987FBF00664165 /* Build configuration list for PBXNativeTarget "Authom" */ = {
			isa = XCConfigurationList;
			buildConfigurations = (
				5415FF391A987FBF00664165 /* Debug */,
				5415FF3A1A987FBF00664165 /* Release */,
			);
			defaultConfigurationIsVisible = 0;
		};
		5415FF3B1A987FBF00664165 /* Build configuration list for PBXNativeTarget "AuthomTests" */ = {
			isa = XCConfigurationList;
			buildConfigurations = (
				5415FF3C1A987FBF00664165 /* Debug */,
				5415FF3D1A987FBF00664165 /* Release */,
			);
			defaultConfigurationIsVisible = 0;
		};
/* End XCConfigurationList section */

/* Begin XCVersionGroup section */
		5415FF1C1A987FBF00664165 /* Authom.xcdatamodeld */ = {
			isa = XCVersionGroup;
			children = (
				5415FF1D1A987FBF00664165 /* Authom.xcdatamodel */,
			);
			currentVersion = 5415FF1D1A987FBF00664165 /* Authom.xcdatamodel */;
			path = Authom.xcdatamodeld;
			sourceTree = "<group>";
			versionGroupType = wrapper.xcdatamodel;
		};
/* End XCVersionGroup section */
	};
	rootObject = 5415FF0A1A987FBF00664165 /* Project object */;
}
